
Microsoft Visual Studio Solution File, Format Version 12.00
# Visual Studio 15
VisualStudioVersion = 15.0.27428.2015
MinimumVisualStudioVersion = 10.0.40219.1
Project("{9A19103F-16F7-4668-BE54-9A1E7A4F7556}") = "OpiGateway", "OpiGateway\OpiGateway.csproj", "{00DF3FB9-BE9E-46AE-9498-A0691C61F3D7}"
EndProject
Project("{9A19103F-16F7-4668-BE54-9A1E7A4F7556}") = "OpiGateway.Tests", "..\tests\OpiGateway.Tests\OpiGateway.Tests.csproj", "{5DFCF85A-90B9-4973-AC34-5ED0E5B0CD31}"
EndProject
Project("{FAE04EC0-301F-11D3-BF4B-00C04F79EFBC}") = "OpiGateway.Dto", "OpiGateway.Dto\OpiGateway.Dto.csproj", "{B06BC395-7D18-4E3D-B7C0-9A0A87E64E66}"
EndProject
Global
	GlobalSection(SolutionConfigurationPlatforms) = preSolution
		Debug|Any CPU = Debug|Any CPU
		Release|Any CPU = Release|Any CPU
	EndGlobalSection
	GlobalSection(ProjectConfigurationPlatforms) = postSolution
		{00DF3FB9-BE9E-46AE-9498-A0691C61F3D7}.Debug|Any CPU.ActiveCfg = Debug|Any CPU
		{00DF3FB9-BE9E-46AE-9498-A0691C61F3D7}.Debug|Any CPU.Build.0 = Debug|Any CPU
		{00DF3FB9-BE9E-46AE-9498-A0691C61F3D7}.Release|Any CPU.ActiveCfg = Release|Any CPU
		{00DF3FB9-BE9E-46AE-9498-A0691C61F3D7}.Release|Any CPU.Build.0 = Release|Any CPU
		{5DFCF85A-90B9-4973-AC34-5ED0E5B0CD31}.Debug|Any CPU.ActiveCfg = Debug|Any CPU
		{5DFCF85A-90B9-4973-AC34-5ED0E5B0CD31}.Debug|Any CPU.Build.0 = Debug|Any CPU
		{5DFCF85A-90B9-4973-AC34-5ED0E5B0CD31}.Release|Any CPU.ActiveCfg = Release|Any CPU
		{5DFCF85A-90B9-4973-AC34-5ED0E5B0CD31}.Release|Any CPU.Build.0 = Release|Any CPU
		{B06BC395-7D18-4E3D-B7C0-9A0A87E64E66}.Debug|Any CPU.ActiveCfg = Debug|Any CPU
		{B06BC395-7D18-4E3D-B7C0-9A0A87E64E66}.Debug|Any CPU.Build.0 = Debug|Any CPU
		{B06BC395-7D18-4E3D-B7C0-9A0A87E64E66}.Release|Any CPU.ActiveCfg = Release|Any CPU
		{B06BC395-7D18-4E3D-B7C0-9A0A87E64E66}.Release|Any CPU.Build.0 = Release|Any CPU
	EndGlobalSection
	GlobalSection(SolutionProperties) = preSolution
		HideSolutionNode = FALSE
	EndGlobalSection
	GlobalSection(ExtensibilityGlobals) = postSolution
		SolutionGuid = {E0AA9420-ECAC-43AF-BF18-80595A4CADBD}
	EndGlobalSection
EndGlobal
